
Microsoft Visual Studio Solution File, Format Version 12.00
# Visual Studio 15
Project("{FAE04EC0-301F-11D3-BF4B-00C04F79EFBC}") = "Assembly-CSharp", "Assembly-CSharp.csproj", "{B8315A50-C700-4785-23DF-19B0FE1CC7D7}"
EndProject
Project("{FAE04EC0-301F-11D3-BF4B-00C04F79EFBC}") = "PathCreator", "PathCreator.csproj", "{D0FEEC65-DB9E-4F35-C46E-0E198E5E8904}"
EndProject
Project("{FAE04EC0-301F-11D3-BF4B-00C04F79EFBC}") = "PathCreatorEditor", "PathCreatorEditor.csproj", "{920DE8A8-178F-ED79-3023-B8157964CE31}"
EndProject
Project("{FAE04EC0-301F-11D3-BF4B-00C04F79EFBC}") = "Assembly-CSharp-Editor", "Assembly-CSharp-Editor.csproj", "{7592676B-7B9D-974B-8B67-7A51CB2A4B17}"
EndProject
Global
	GlobalSection(SolutionConfigurationPlatforms) = preSolution
		Debug|Any CPU = Debug|Any CPU
		Release|Any CPU = Release|Any CPU
	EndGlobalSection
	GlobalSection(ProjectConfigurationPlatforms) = postSolution
		{B8315A50-C700-4785-23DF-19B0FE1CC7D7}.Debug|Any CPU.ActiveCfg = Debug|Any CPU
		{B8315A50-C700-4785-23DF-19B0FE1CC7D7}.Debug|Any CPU.Build.0 = Debug|Any CPU
		{B8315A50-C700-4785-23DF-19B0FE1CC7D7}.Release|Any CPU.ActiveCfg = Release|Any CPU
		{B8315A50-C700-4785-23DF-19B0FE1CC7D7}.Release|Any CPU.Build.0 = Release|Any CPU
		{D0FEEC65-DB9E-4F35-C46E-0E198E5E8904}.Debug|Any CPU.ActiveCfg = Debug|Any CPU
		{D0FEEC65-DB9E-4F35-C46E-0E198E5E8904}.Debug|Any CPU.Build.0 = Debug|Any CPU
		{D0FEEC65-DB9E-4F35-C46E-0E198E5E8904}.Release|Any CPU.ActiveCfg = Release|Any CPU
		{D0FEEC65-DB9E-4F35-C46E-0E198E5E8904}.Release|Any CPU.Build.0 = Release|Any CPU
		{920DE8A8-178F-ED79-3023-B8157964CE31}.Debug|Any CPU.ActiveCfg = Debug|Any CPU
		{920DE8A8-178F-ED79-3023-B8157964CE31}.Debug|Any CPU.Build.0 = Debug|Any CPU
		{920DE8A8-178F-ED79-3023-B8157964CE31}.Release|Any CPU.ActiveCfg = Release|Any CPU
		{920DE8A8-178F-ED79-3023-B8157964CE31}.Release|Any CPU.Build.0 = Release|Any CPU
		{7592676B-7B9D-974B-8B67-7A51CB2A4B17}.Debug|Any CPU.ActiveCfg = Debug|Any CPU
		{7592676B-7B9D-974B-8B67-7A51CB2A4B17}.Debug|Any CPU.Build.0 = Debug|Any CPU
		{7592676B-7B9D-974B-8B67-7A51CB2A4B17}.Release|Any CPU.ActiveCfg = Release|Any CPU
		{7592676B-7B9D-974B-8B67-7A51CB2A4B17}.Release|Any CPU.Build.0 = Release|Any CPU
	EndGlobalSection
	GlobalSection(SolutionProperties) = preSolution
		HideSolutionNode = FALSE
	EndGlobalSection
EndGlobal
